
Microsoft Visual Studio Solution File, Format Version 12.00
# Visual Studio Version 16
VisualStudioVersion = 16.0.31321.278
MinimumVisualStudioVersion = 10.0.40219.1
Project("{FAE04EC0-301F-11D3-BF4B-00C04F79EFBC}") = "Interfaces_Henderson_Bobby", "Interfaces_Henderson_Bobby.csproj", "{F860D8BC-4106-487E-940A-A7D56432998F}"
EndProject
Global
	GlobalSection(SolutionConfigurationPlatforms) = preSolution
		Debug|Any CPU = Debug|Any CPU
		Release|Any CPU = Release|Any CPU
	EndGlobalSection
	GlobalSection(ProjectConfigurationPlatforms) = postSolution
		{F860D8BC-4106-487E-940A-A7D56432998F}.Debug|Any CPU.ActiveCfg = Debug|Any CPU
		{F860D8BC-4106-487E-940A-A7D56432998F}.Debug|Any CPU.Build.0 = Debug|Any CPU
		{F860D8BC-4106-487E-940A-A7D56432998F}.Release|Any CPU.ActiveCfg = Release|Any CPU
		{F860D8BC-4106-487E-940A-A7D56432998F}.Release|Any CPU.Build.0 = Release|Any CPU
	EndGlobalSection
	GlobalSection(SolutionProperties) = preSolution
		HideSolutionNode = FALSE
	EndGlobalSection
	GlobalSection(ExtensibilityGlobals) = postSolution
		SolutionGuid = {0DACB463-ACA8-4DFE-9C83-0FC0D53ACC58}
	EndGlobalSection
EndGlobal
